
Microsoft Visual Studio Solution File, Format Version 12.00
# Visual Studio Version 17
VisualStudioVersion = 17.7.34024.191
MinimumVisualStudioVersion = 10.0.40219.1
Project("{9A19103F-16F7-4668-BE54-9A1E7A4F7556}") = "DataAccess", "DataAccess\DataAccess.csproj", "{BB59EC3D-D5BC-4571-83A4-4E181BED72A0}"
EndProject
Project("{9A19103F-16F7-4668-BE54-9A1E7A4F7556}") = "Business", "Business\Business.csproj", "{8E099245-7A90-46CB-91B5-EEACB6CF4D61}"
EndProject
Project("{9A19103F-16F7-4668-BE54-9A1E7A4F7556}") = "Entities", "Entities\Entities.csproj", "{992A2E03-C188-44CA-ABA8-D0C6DD366608}"
EndProject
Project("{9A19103F-16F7-4668-BE54-9A1E7A4F7556}") = "ConsoleUI", "ConsoleUI\ConsoleUI.csproj", "{BAC74ECA-0261-4A53-AAE1-BB033E1F28E7}"
EndProject
Project("{9A19103F-16F7-4668-BE54-9A1E7A4F7556}") = "Core", "Core\Core.csproj", "{440DDB6A-D91C-489B-8498-600AB230A1B2}"
EndProject
Project("{FAE04EC0-301F-11D3-BF4B-00C04F79EFBC}") = "WebAPI", "WebAPI\WebAPI.csproj", "{51F2CC79-B900-47C6-B34A-FB3DAA83BC4C}"
EndProject
Global
	GlobalSection(SolutionConfigurationPlatforms) = preSolution
		Debug|Any CPU = Debug|Any CPU
		Release|Any CPU = Release|Any CPU
	EndGlobalSection
	GlobalSection(ProjectConfigurationPlatforms) = postSolution
		{BB59EC3D-D5BC-4571-83A4-4E181BED72A0}.Debug|Any CPU.ActiveCfg = Debug|Any CPU
		{BB59EC3D-D5BC-4571-83A4-4E181BED72A0}.Debug|Any CPU.Build.0 = Debug|Any CPU
		{BB59EC3D-D5BC-4571-83A4-4E181BED72A0}.Release|Any CPU.ActiveCfg = Release|Any CPU
		{BB59EC3D-D5BC-4571-83A4-4E181BED72A0}.Release|Any CPU.Build.0 = Release|Any CPU
		{8E099245-7A90-46CB-91B5-EEACB6CF4D61}.Debug|Any CPU.ActiveCfg = Debug|Any CPU
		{8E099245-7A90-46CB-91B5-EEACB6CF4D61}.Debug|Any CPU.Build.0 = Debug|Any CPU
		{8E099245-7A90-46CB-91B5-EEACB6CF4D61}.Release|Any CPU.ActiveCfg = Release|Any CPU
		{8E099245-7A90-46CB-91B5-EEACB6CF4D61}.Release|Any CPU.Build.0 = Release|Any CPU
		{992A2E03-C188-44CA-ABA8-D0C6DD366608}.Debug|Any CPU.ActiveCfg = Debug|Any CPU
		{992A2E03-C188-44CA-ABA8-D0C6DD366608}.Debug|Any CPU.Build.0 = Debug|Any CPU
		{992A2E03-C188-44CA-ABA8-D0C6DD366608}.Release|Any CPU.ActiveCfg = Release|Any CPU
		{992A2E03-C188-44CA-ABA8-D0C6DD366608}.Release|Any CPU.Build.0 = Release|Any CPU
		{BAC74ECA-0261-4A53-AAE1-BB033E1F28E7}.Debug|Any CPU.ActiveCfg = Debug|Any CPU
		{BAC74ECA-0261-4A53-AAE1-BB033E1F28E7}.Debug|Any CPU.Build.0 = Debug|Any CPU
		{BAC74ECA-0261-4A53-AAE1-BB033E1F28E7}.Release|Any CPU.ActiveCfg = Release|Any CPU
		{BAC74ECA-0261-4A53-AAE1-BB033E1F28E7}.Release|Any CPU.Build.0 = Release|Any CPU
		{440DDB6A-D91C-489B-8498-600AB230A1B2}.Debug|Any CPU.ActiveCfg = Debug|Any CPU
		{440DDB6A-D91C-489B-8498-600AB230A1B2}.Debug|Any CPU.Build.0 = Debug|Any CPU
		{440DDB6A-D91C-489B-8498-600AB230A1B2}.Release|Any CPU.ActiveCfg = Release|Any CPU
		{440DDB6A-D91C-489B-8498-600AB230A1B2}.Release|Any CPU.Build.0 = Release|Any CPU
		{51F2CC79-B900-47C6-B34A-FB3DAA83BC4C}.Debug|Any CPU.ActiveCfg = Debug|Any CPU
		{51F2CC79-B900-47C6-B34A-FB3DAA83BC4C}.Debug|Any CPU.Build.0 = Debug|Any CPU
		{51F2CC79-B900-47C6-B34A-FB3DAA83BC4C}.Release|Any CPU.ActiveCfg = Release|Any CPU
		{51F2CC79-B900-47C6-B34A-FB3DAA83BC4C}.Release|Any CPU.Build.0 = Release|Any CPU
	EndGlobalSection
	GlobalSection(SolutionProperties) = preSolution
		HideSolutionNode = FALSE
	EndGlobalSection
	GlobalSection(ExtensibilityGlobals) = postSolution
		SolutionGuid = {F4E40A05-A36A-48C1-B6C2-7E12CCA40CDB}
	EndGlobalSection
EndGlobal
